{
    "name": "common-sql-language-service-facade",
    "version": "0.1.9",
    "lockfileVersion": 2,
    "requires": true,
    "packages": {
        "": {
            "name": "common-sql-language-service-facade",
            "version": "0.1.9",
            "license": "MIT",
            "dependencies": {
                "monaco-editor": "0.33.0"
            }
        },
        "node_modules/monaco-editor": {
            "version": "0.33.0",
            "resolved": "https://powerbi.pkgs.visualstudio.com/_packaging/PowerBIClients/npm/registry/monaco-editor/-/monaco-editor-0.33.0.tgz",
            "integrity": "sha1-hC4kTzdQokgviinGdrVoTnX/NK8=",
            "license": "MIT"
        }
    },
    "dependencies": {
        "monaco-editor": {
            "version": "0.33.0",
            "resolved": "https://powerbi.pkgs.visualstudio.com/_packaging/PowerBIClients/npm/registry/monaco-editor/-/monaco-editor-0.33.0.tgz",
            "integrity": "sha1-hC4kTzdQokgviinGdrVoTnX/NK8="
        }
    }
}
